{
    "_meta": {
        "hash": {
            "sha256": "6c406aeede676e8ed8e21839a31a700703940f5b55578d94838a022709d31245"
        },
        "pipfile-spec": 6,
        "requires": {
            "python_version": "3.12"
        },
        "sources": [
            {
                "name": "pypi",
                "url": "https://pypi.org/simple",
                "verify_ssl": true
            }
        ]
    },
    "default": {
        "vdf": {
            "hashes": [
                "sha256:68c1a125cc49e343d535af2dd25074e9cb0908c6607f073947c4a04bbe234534",
                "sha256:fd5419f41e07a1009e5ffd027c7dcbe43d1f7e8ef453aeaa90d9d04b807de2af"
            ],
            "index": "pypi",
            "version": "==3.4"
        }
    },
    "develop": {}
}
